
Microsoft Visual Studio Solution File, Format Version 12.00
# Visual Studio 15
VisualStudioVersion = 15.0.28307.168
MinimumVisualStudioVersion = 10.0.40219.1
Project("{FAE04EC0-301F-11D3-BF4B-00C04F79EFBC}") = "tarea_de_matrices", "tarea_de_matrices\tarea_de_matrices.csproj", "{A2C33455-3777-4C72-B930-64676D5A3D0D}"
EndProject
Global
	GlobalSection(SolutionConfigurationPlatforms) = preSolution
		Debug|Any CPU = Debug|Any CPU
		Release|Any CPU = Release|Any CPU
	EndGlobalSection
	GlobalSection(ProjectConfigurationPlatforms) = postSolution
		{A2C33455-3777-4C72-B930-64676D5A3D0D}.Debug|Any CPU.ActiveCfg = Debug|Any CPU
		{A2C33455-3777-4C72-B930-64676D5A3D0D}.Debug|Any CPU.Build.0 = Debug|Any CPU
		{A2C33455-3777-4C72-B930-64676D5A3D0D}.Release|Any CPU.ActiveCfg = Release|Any CPU
		{A2C33455-3777-4C72-B930-64676D5A3D0D}.Release|Any CPU.Build.0 = Release|Any CPU
	EndGlobalSection
	GlobalSection(SolutionProperties) = preSolution
		HideSolutionNode = FALSE
	EndGlobalSection
	GlobalSection(ExtensibilityGlobals) = postSolution
		SolutionGuid = {6C20705E-8545-4AA9-873D-798F5BD43911}
	EndGlobalSection
EndGlobal
